
Microsoft Visual Studio Solution File, Format Version 12.00
# Visual Studio 15
VisualStudioVersion = 15.0.27703.2035
MinimumVisualStudioVersion = 10.0.40219.1
Project("{FAE04EC0-301F-11D3-BF4B-00C04F79EFBC}") = "experiment5", "experiment5\experiment5.csproj", "{BE4E2E9A-F881-4825-B96E-89943E3089AA}"
EndProject
Global
	GlobalSection(SolutionConfigurationPlatforms) = preSolution
		Debug|Any CPU = Debug|Any CPU
		Release|Any CPU = Release|Any CPU
	EndGlobalSection
	GlobalSection(ProjectConfigurationPlatforms) = postSolution
		{BE4E2E9A-F881-4825-B96E-89943E3089AA}.Debug|Any CPU.ActiveCfg = Debug|Any CPU
		{BE4E2E9A-F881-4825-B96E-89943E3089AA}.Debug|Any CPU.Build.0 = Debug|Any CPU
		{BE4E2E9A-F881-4825-B96E-89943E3089AA}.Release|Any CPU.ActiveCfg = Release|Any CPU
		{BE4E2E9A-F881-4825-B96E-89943E3089AA}.Release|Any CPU.Build.0 = Release|Any CPU
	EndGlobalSection
	GlobalSection(SolutionProperties) = preSolution
		HideSolutionNode = FALSE
	EndGlobalSection
	GlobalSection(ExtensibilityGlobals) = postSolution
		SolutionGuid = {97C890B0-85F7-444A-9744-4CFB09DD9033}
	EndGlobalSection
EndGlobal
