
Microsoft Visual Studio Solution File, Format Version 12.00
# Visual Studio 15
VisualStudioVersion = 15.0.28307.1209
MinimumVisualStudioVersion = 10.0.40219.1
Project("{FAE04EC0-301F-11D3-BF4B-00C04F79EFBC}") = "BankEmployee", "BankEmployee\BankEmployee.csproj", "{04B716F5-61FD-45AA-BCBD-6C5BD213EE72}"
EndProject
Global
	GlobalSection(SolutionConfigurationPlatforms) = preSolution
		Debug|Any CPU = Debug|Any CPU
		Release|Any CPU = Release|Any CPU
	EndGlobalSection
	GlobalSection(ProjectConfigurationPlatforms) = postSolution
		{04B716F5-61FD-45AA-BCBD-6C5BD213EE72}.Debug|Any CPU.ActiveCfg = Debug|Any CPU
		{04B716F5-61FD-45AA-BCBD-6C5BD213EE72}.Debug|Any CPU.Build.0 = Debug|Any CPU
		{04B716F5-61FD-45AA-BCBD-6C5BD213EE72}.Release|Any CPU.ActiveCfg = Release|Any CPU
		{04B716F5-61FD-45AA-BCBD-6C5BD213EE72}.Release|Any CPU.Build.0 = Release|Any CPU
	EndGlobalSection
	GlobalSection(SolutionProperties) = preSolution
		HideSolutionNode = FALSE
	EndGlobalSection
	GlobalSection(ExtensibilityGlobals) = postSolution
		SolutionGuid = {6573E9B9-78D6-4857-9A17-A59E723C068A}
	EndGlobalSection
EndGlobal
